
Microsoft Visual Studio Solution File, Format Version 12.00
# Visual Studio 15
VisualStudioVersion = 15.0.28307.136
MinimumVisualStudioVersion = 10.0.40219.1
Project("{FAE04EC0-301F-11D3-BF4B-00C04F79EFBC}") = "1", "1\1.csproj", "{5AFF271C-4640-4062-B8A7-EA0608EE27A0}"
EndProject
Global
	GlobalSection(SolutionConfigurationPlatforms) = preSolution
		Debug|Any CPU = Debug|Any CPU
		Release|Any CPU = Release|Any CPU
	EndGlobalSection
	GlobalSection(ProjectConfigurationPlatforms) = postSolution
		{5AFF271C-4640-4062-B8A7-EA0608EE27A0}.Debug|Any CPU.ActiveCfg = Debug|Any CPU
		{5AFF271C-4640-4062-B8A7-EA0608EE27A0}.Debug|Any CPU.Build.0 = Debug|Any CPU
		{5AFF271C-4640-4062-B8A7-EA0608EE27A0}.Release|Any CPU.ActiveCfg = Release|Any CPU
		{5AFF271C-4640-4062-B8A7-EA0608EE27A0}.Release|Any CPU.Build.0 = Release|Any CPU
	EndGlobalSection
	GlobalSection(SolutionProperties) = preSolution
		HideSolutionNode = FALSE
	EndGlobalSection
	GlobalSection(ExtensibilityGlobals) = postSolution
		SolutionGuid = {DAC5D6C5-3E1E-48B0-8D44-BE61B99C63A6}
	EndGlobalSection
EndGlobal
