
Microsoft Visual Studio Solution File, Format Version 12.00
# Visual Studio 15
VisualStudioVersion = 15.0.28307.136
MinimumVisualStudioVersion = 10.0.40219.1
Project("{FAE04EC0-301F-11D3-BF4B-00C04F79EFBC}") = "6", "6\6.csproj", "{FC744E3C-E38B-4A06-8008-24264DA0FCEA}"
EndProject
Global
	GlobalSection(SolutionConfigurationPlatforms) = preSolution
		Debug|Any CPU = Debug|Any CPU
		Release|Any CPU = Release|Any CPU
	EndGlobalSection
	GlobalSection(ProjectConfigurationPlatforms) = postSolution
		{FC744E3C-E38B-4A06-8008-24264DA0FCEA}.Debug|Any CPU.ActiveCfg = Debug|Any CPU
		{FC744E3C-E38B-4A06-8008-24264DA0FCEA}.Debug|Any CPU.Build.0 = Debug|Any CPU
		{FC744E3C-E38B-4A06-8008-24264DA0FCEA}.Release|Any CPU.ActiveCfg = Release|Any CPU
		{FC744E3C-E38B-4A06-8008-24264DA0FCEA}.Release|Any CPU.Build.0 = Release|Any CPU
	EndGlobalSection
	GlobalSection(SolutionProperties) = preSolution
		HideSolutionNode = FALSE
	EndGlobalSection
	GlobalSection(ExtensibilityGlobals) = postSolution
		SolutionGuid = {D3C0B687-F393-4935-A284-EFB5E6136FCE}
	EndGlobalSection
EndGlobal
